
Microsoft Visual Studio Solution File, Format Version 12.00
# Visual Studio 14
VisualStudioVersion = 14.0.25123.0
MinimumVisualStudioVersion = 10.0.40219.1
Project("{FAE04EC0-301F-11D3-BF4B-00C04F79EFBC}") = "Twitter.Common", "Twitter.Common\Twitter.Common.csproj", "{24E50ED0-E6C1-484C-9986-33EFDE1287EB}"
EndProject
Project("{FAE04EC0-301F-11D3-BF4B-00C04F79EFBC}") = "Twitter.Data", "Twitter.Data\Twitter.Data.csproj", "{6B2B0B8E-018E-453A-8A89-4343D5FEDFD1}"
EndProject
Project("{FAE04EC0-301F-11D3-BF4B-00C04F79EFBC}") = "Twitter.Console.Logic", "Twitter.Console.Logic\Twitter.Console.Logic.csproj", "{C9F65F6C-9B5D-4447-B0EE-1FBDA5D1A386}"
EndProject
Project("{FAE04EC0-301F-11D3-BF4B-00C04F79EFBC}") = "Twitter.Console.Test.SpecFlow", "Twitter.Console.Test.SpecFlow\Twitter.Console.Test.SpecFlow.csproj", "{FBBB3F1F-BFD5-4855-9BCA-C16A0354903C}"
EndProject
Project("{FAE04EC0-301F-11D3-BF4B-00C04F79EFBC}") = "Twitter.Data.FlatFile", "Twitter.Data.FlatFile\Twitter.Data.FlatFile.csproj", "{C5B5C747-7A94-41BF-B18F-9A86A51DB52E}"
EndProject
Project("{FAE04EC0-301F-11D3-BF4B-00C04F79EFBC}") = "Twitter.Core", "Twitter.Core\Twitter.Core.csproj", "{64D3B1C1-BFEA-4CE2-B48D-2D9F0BCB73D6}"
EndProject
Project("{FAE04EC0-301F-11D3-BF4B-00C04F79EFBC}") = "Twitter.Web", "Twitter.Web\Twitter.Web.csproj", "{58060EE4-C3DF-409A-93F9-9E161D297B88}"
EndProject
Project("{FAE04EC0-301F-11D3-BF4B-00C04F79EFBC}") = "Twitter.Console", "Twitter.Console\Twitter.Console.csproj", "{F20DB563-D18A-4237-B4F8-5F3A7D32BBEF}"
	ProjectSection(ProjectDependencies) = postProject
		{58060EE4-C3DF-409A-93F9-9E161D297B88} = {58060EE4-C3DF-409A-93F9-9E161D297B88}
	EndProjectSection
EndProject
Project("{FAE04EC0-301F-11D3-BF4B-00C04F79EFBC}") = "Twitter.Tests", "Twitter.Tests\Twitter.Tests.csproj", "{067456C0-086C-46A8-B37F-1405717B7BFC}"
EndProject
Project("{FAE04EC0-301F-11D3-BF4B-00C04F79EFBC}") = "Twitter.Data.Shared", "Twitter.Data.Shared\Twitter.Data.Shared.csproj", "{61BA0843-17BF-4C3A-B9BC-98C67AACC673}"
EndProject
Global
	GlobalSection(SolutionConfigurationPlatforms) = preSolution
		Debug|Any CPU = Debug|Any CPU
		Release|Any CPU = Release|Any CPU
	EndGlobalSection
	GlobalSection(ProjectConfigurationPlatforms) = postSolution
		{24E50ED0-E6C1-484C-9986-33EFDE1287EB}.Debug|Any CPU.ActiveCfg = Debug|Any CPU
		{24E50ED0-E6C1-484C-9986-33EFDE1287EB}.Debug|Any CPU.Build.0 = Debug|Any CPU
		{24E50ED0-E6C1-484C-9986-33EFDE1287EB}.Release|Any CPU.ActiveCfg = Release|Any CPU
		{24E50ED0-E6C1-484C-9986-33EFDE1287EB}.Release|Any CPU.Build.0 = Release|Any CPU
		{6B2B0B8E-018E-453A-8A89-4343D5FEDFD1}.Debug|Any CPU.ActiveCfg = Debug|Any CPU
		{6B2B0B8E-018E-453A-8A89-4343D5FEDFD1}.Debug|Any CPU.Build.0 = Debug|Any CPU
		{6B2B0B8E-018E-453A-8A89-4343D5FEDFD1}.Release|Any CPU.ActiveCfg = Release|Any CPU
		{6B2B0B8E-018E-453A-8A89-4343D5FEDFD1}.Release|Any CPU.Build.0 = Release|Any CPU
		{C9F65F6C-9B5D-4447-B0EE-1FBDA5D1A386}.Debug|Any CPU.ActiveCfg = Debug|Any CPU
		{C9F65F6C-9B5D-4447-B0EE-1FBDA5D1A386}.Debug|Any CPU.Build.0 = Debug|Any CPU
		{C9F65F6C-9B5D-4447-B0EE-1FBDA5D1A386}.Release|Any CPU.ActiveCfg = Release|Any CPU
		{C9F65F6C-9B5D-4447-B0EE-1FBDA5D1A386}.Release|Any CPU.Build.0 = Release|Any CPU
		{FBBB3F1F-BFD5-4855-9BCA-C16A0354903C}.Debug|Any CPU.ActiveCfg = Debug|Any CPU
		{FBBB3F1F-BFD5-4855-9BCA-C16A0354903C}.Debug|Any CPU.Build.0 = Debug|Any CPU
		{FBBB3F1F-BFD5-4855-9BCA-C16A0354903C}.Release|Any CPU.ActiveCfg = Release|Any CPU
		{FBBB3F1F-BFD5-4855-9BCA-C16A0354903C}.Release|Any CPU.Build.0 = Release|Any CPU
		{C5B5C747-7A94-41BF-B18F-9A86A51DB52E}.Debug|Any CPU.ActiveCfg = Debug|Any CPU
		{C5B5C747-7A94-41BF-B18F-9A86A51DB52E}.Debug|Any CPU.Build.0 = Debug|Any CPU
		{C5B5C747-7A94-41BF-B18F-9A86A51DB52E}.Release|Any CPU.ActiveCfg = Release|Any CPU
		{C5B5C747-7A94-41BF-B18F-9A86A51DB52E}.Release|Any CPU.Build.0 = Release|Any CPU
		{64D3B1C1-BFEA-4CE2-B48D-2D9F0BCB73D6}.Debug|Any CPU.ActiveCfg = Debug|Any CPU
		{64D3B1C1-BFEA-4CE2-B48D-2D9F0BCB73D6}.Debug|Any CPU.Build.0 = Debug|Any CPU
		{64D3B1C1-BFEA-4CE2-B48D-2D9F0BCB73D6}.Release|Any CPU.ActiveCfg = Release|Any CPU
		{64D3B1C1-BFEA-4CE2-B48D-2D9F0BCB73D6}.Release|Any CPU.Build.0 = Release|Any CPU
		{58060EE4-C3DF-409A-93F9-9E161D297B88}.Debug|Any CPU.ActiveCfg = Debug|Any CPU
		{58060EE4-C3DF-409A-93F9-9E161D297B88}.Debug|Any CPU.Build.0 = Debug|Any CPU
		{58060EE4-C3DF-409A-93F9-9E161D297B88}.Release|Any CPU.ActiveCfg = Release|Any CPU
		{58060EE4-C3DF-409A-93F9-9E161D297B88}.Release|Any CPU.Build.0 = Release|Any CPU
		{F20DB563-D18A-4237-B4F8-5F3A7D32BBEF}.Debug|Any CPU.ActiveCfg = Debug|Any CPU
		{F20DB563-D18A-4237-B4F8-5F3A7D32BBEF}.Debug|Any CPU.Build.0 = Debug|Any CPU
		{F20DB563-D18A-4237-B4F8-5F3A7D32BBEF}.Release|Any CPU.ActiveCfg = Release|Any CPU
		{F20DB563-D18A-4237-B4F8-5F3A7D32BBEF}.Release|Any CPU.Build.0 = Release|Any CPU
		{067456C0-086C-46A8-B37F-1405717B7BFC}.Debug|Any CPU.ActiveCfg = Debug|Any CPU
		{067456C0-086C-46A8-B37F-1405717B7BFC}.Debug|Any CPU.Build.0 = Debug|Any CPU
		{067456C0-086C-46A8-B37F-1405717B7BFC}.Release|Any CPU.ActiveCfg = Release|Any CPU
		{067456C0-086C-46A8-B37F-1405717B7BFC}.Release|Any CPU.Build.0 = Release|Any CPU
		{61BA0843-17BF-4C3A-B9BC-98C67AACC673}.Debug|Any CPU.ActiveCfg = Debug|Any CPU
		{61BA0843-17BF-4C3A-B9BC-98C67AACC673}.Debug|Any CPU.Build.0 = Debug|Any CPU
		{61BA0843-17BF-4C3A-B9BC-98C67AACC673}.Release|Any CPU.ActiveCfg = Release|Any CPU
		{61BA0843-17BF-4C3A-B9BC-98C67AACC673}.Release|Any CPU.Build.0 = Release|Any CPU
	EndGlobalSection
	GlobalSection(SolutionProperties) = preSolution
		HideSolutionNode = FALSE
	EndGlobalSection
EndGlobal
